dependencies:
- name: postgresql
  repository: https://kubernetes-charts.storage.googleapis.com/
  version: 6.3.0
- name: redis
  repository: https://kubernetes-charts.storage.googleapis.com/
  version: 9.1.0
- name: rabbitmq
  repository: https://kubernetes-charts.storage.googleapis.com/
  version: 6.4.0
digest: sha256:9831f62f8b537d56b1c7c981b77c9c2d280b71cf9180d4c7e203942a6722f011
generated: "2019-08-20T15:00:15.069261+01:00"
